
Microsoft Visual Studio Solution File, Format Version 12.00
# Visual Studio Version 17
VisualStudioVersion = 17.3.32922.545
MinimumVisualStudioVersion = 10.0.40219.1
Project("{FAE04EC0-301F-11D3-BF4B-00C04F79EFBC}") = "ComputerVisionDemo", "ComputerVisionDemo.csproj", "{AF5055AF-AAAB-4890-9DC9-781A0CE7DC63}"
EndProject
Global
	GlobalSection(SolutionConfigurationPlatforms) = preSolution
		Debug|Any CPU = Debug|Any CPU
		Release|Any CPU = Release|Any CPU
	EndGlobalSection
	GlobalSection(ProjectConfigurationPlatforms) = postSolution
		{AF5055AF-AAAB-4890-9DC9-781A0CE7DC63}.Debug|Any CPU.ActiveCfg = Debug|Any CPU
		{AF5055AF-AAAB-4890-9DC9-781A0CE7DC63}.Debug|Any CPU.Build.0 = Debug|Any CPU
		{AF5055AF-AAAB-4890-9DC9-781A0CE7DC63}.Release|Any CPU.ActiveCfg = Release|Any CPU
		{AF5055AF-AAAB-4890-9DC9-781A0CE7DC63}.Release|Any CPU.Build.0 = Release|Any CPU
	EndGlobalSection
	GlobalSection(SolutionProperties) = preSolution
		HideSolutionNode = FALSE
	EndGlobalSection
	GlobalSection(ExtensibilityGlobals) = postSolution
		SolutionGuid = {FF57EABF-1DE1-4CAC-83E8-F0E8585EC215}
	EndGlobalSection
EndGlobal
